{
  "version": "5",
  "specifiers": {
    "jsr:@supabase/functions-js@*": "2.97.0"
  },
  "jsr": {
    "@supabase/functions-js@2.97.0": {
      "integrity": "f33893e8f742d7b83a3f52750a79edd5bf6c869411d126d509fe3327f39f54c2"
    }
  },
  "redirects": {
    "https://esm.sh/@supabase/supabase-js@2": "https://esm.sh/@supabase/supabase-js@2.97.0",
    "https://esm.sh/iceberg-js@^0.8.1?target=denonext": "https://esm.sh/iceberg-js@0.8.1?target=denonext"
  },
  "remote": {
    "https://esm.sh/@supabase/auth-js@2.97.0/denonext/auth-js.mjs": "1647921d7d6c64ddb79cab6feefc5b8f373a97c6421695ae5af69514e42eacf3",
    "https://esm.sh/@supabase/functions-js@2.97.0/denonext/functions-js.mjs": "89de9a4b9ff7b3d000c84989e586a53b3905f3e0bf3570b7595e24694b6d4e9e",
    "https://esm.sh/@supabase/postgrest-js@2.97.0/denonext/postgrest-js.mjs": "7cdf9ffe7047f77421dad5af748d5e0e43b6253debdd85f3d71a9dec7bea39b6",
    "https://esm.sh/@supabase/realtime-js@2.97.0/denonext/realtime-js.mjs": "4633785191d028eb751065b5f65443e982f14e68840f8c6559cdd300fa37bc4b",
    "https://esm.sh/@supabase/storage-js@2.97.0/denonext/storage-js.mjs": "aed9af8fb795068fb6fb945f76bfe40a4dce0a84e22b60f333ee029b62c91f22",
    "https://esm.sh/@supabase/supabase-js@2.97.0": "dcdf60d835a7a2edf75c186e8bb33fa5f43fec7dec96c93c89abfbb20b78245d",
    "https://esm.sh/@supabase/supabase-js@2.97.0/denonext/supabase-js.mjs": "745f4cc1905e434b7a54fa2d48d875c920f1ef5d8ad9a964f8b079e3c7bd25ca",
    "https://esm.sh/iceberg-js@0.8.1/denonext/iceberg-js.mjs": "d839d81a2e3966500ca2cdd0c1cb458e9608bacfc91f7bb67a69b2e878dcdb4f",
    "https://esm.sh/iceberg-js@0.8.1?target=denonext": "58c849d7fe2bf4eca4a84eb501e83c161a7d8c34ca1bec15a962b3bec3062633",
    "https://esm.sh/tslib@2.8.1/denonext/tslib.mjs": "c38da5dd6da6281964435002ce204cd586634fe3bdfb24a0ee116f48cf3292e9"
  },
  "workspace": {
    "packageJson": {
      "dependencies": [
        "npm:@eslint/js@^10.0.1",
        "npm:@google-cloud/translate@^9.3.0",
        "npm:@playwright/test@^1.58.2",
        "npm:@radix-ui/react-dialog@^1.0.5",
        "npm:@radix-ui/react-popover@^1.0.5",
        "npm:@radix-ui/react-select@2",
        "npm:@radix-ui/react-tabs@^1.0.5",
        "npm:@sentry/react@^10.28.0",
        "npm:@supabase/supabase-js@^2.38.4",
        "npm:@tanstack/query-sync-storage-persister@^5.90.22",
        "npm:@tanstack/react-query-devtools@^5.91.3",
        "npm:@tanstack/react-query-persist-client@^5.90.22",
        "npm:@tanstack/react-query@^5.90.21",
        "npm:@testing-library/jest-dom@^6.9.1",
        "npm:@testing-library/react@^16.3.2",
        "npm:@testing-library/user-event@^14.6.1",
        "npm:@types/react-dom@^18.2.17",
        "npm:@types/react@^18.2.43",
        "npm:@vitejs/plugin-react@^4.2.1",
        "npm:autoprefixer@^10.4.16",
        "npm:baseline-browser-mapping@^2.9.19",
        "npm:canvas-confetti@^1.9.4",
        "npm:clsx@2",
        "npm:crypto-js@^4.2.0",
        "npm:date-fns@^2.30.0",
        "npm:dotenv@^16.6.1",
        "npm:eslint-plugin-jsx-a11y@^6.10.2",
        "npm:eslint-plugin-react-hooks@^7.0.1",
        "npm:eslint-plugin-react@^7.37.5",
        "npm:flutterwave-react-v3@^1.3.3",
        "npm:framer-motion@^12.23.24",
        "npm:heic2any@^0.0.4",
        "npm:html2canvas@^1.4.1",
        "npm:i18next-browser-languagedetector@^8.2.0",
        "npm:i18next@^25.7.3",
        "npm:jsdom@^28.1.0",
        "npm:jspdf@^4.1.0",
        "npm:lucide-react@0.294",
        "npm:lucide@0.562",
        "npm:postcss@^8.4.32",
        "npm:react-dom@^18.2.0",
        "npm:react-helmet-async@^2.0.5",
        "npm:react-i18next@^16.5.0",
        "npm:react-icons@^5.5.0",
        "npm:react-router-dom@^6.20.0",
        "npm:react@^18.2.0",
        "npm:recharts@^2.10.3",
        "npm:sharp@~0.34.5",
        "npm:sonner@^1.2.0",
        "npm:tailwind-merge@^2.1.0",
        "npm:tailwindcss@^3.3.6",
        "npm:vercel@^50.1.2",
        "npm:vite@^5.4.21",
        "npm:vitest@^4.0.18",
        "npm:zod@^4.3.6"
      ]
    }
  }
}
